{
    "_meta": {
        "hash": {
            "sha256": "4b61f83e10306efbd3e20d6b5017be932fb2b7732209ce1797d9c1f45569e3bc"
        },
        "host-environment-markers": {
            "implementation_name": "cpython",
            "implementation_version": "0",
            "os_name": "posix",
            "platform_machine": "x86_64",
            "platform_python_implementation": "CPython",
            "platform_release": "4.10.0-28-generic",
            "platform_system": "Linux",
            "platform_version": "#32~16.04.2-Ubuntu SMP Thu Jul 20 10:19:48 UTC 2017",
            "python_full_version": "2.7.12",
            "python_version": "2.7",
            "sys_platform": "linux2"
        },
        "pipfile-spec": 3,
        "requires": {},
        "sources": [
            {
                "url": "https://pypi.python.org/simple",
                "verify_ssl": true
            }
        ]
    },
    "default": {
        "pycrypto": {
            "hashes": [
                "sha256:f2ce1e989b272cfcb677616763e0a2e7ec659effa67a88aa92b3a65528f60a3c"
            ],
            "version": "==2.6.1"
        }
    },
    "develop": {}
}
